
Microsoft Visual Studio Solution File, Format Version 12.00
# Visual Studio Version 17
VisualStudioVersion = 17.8.34330.188
MinimumVisualStudioVersion = 10.0.40219.1
Project("{FAE04EC0-301F-11D3-BF4B-00C04F79EFBC}") = "Playground.Api", "src\Playground.Api\Playground.Api.csproj", "{A527BB6B-AE71-4058-B4F4-23E8716F6B67}"
EndProject
Global
	GlobalSection(SolutionConfigurationPlatforms) = preSolution
		Debug|Any CPU = Debug|Any CPU
		Release|Any CPU = Release|Any CPU
	EndGlobalSection
	GlobalSection(ProjectConfigurationPlatforms) = postSolution
		{A527BB6B-AE71-4058-B4F4-23E8716F6B67}.Debug|Any CPU.ActiveCfg = Debug|Any CPU
		{A527BB6B-AE71-4058-B4F4-23E8716F6B67}.Debug|Any CPU.Build.0 = Debug|Any CPU
		{A527BB6B-AE71-4058-B4F4-23E8716F6B67}.Release|Any CPU.ActiveCfg = Release|Any CPU
		{A527BB6B-AE71-4058-B4F4-23E8716F6B67}.Release|Any CPU.Build.0 = Release|Any CPU
	EndGlobalSection
	GlobalSection(SolutionProperties) = preSolution
		HideSolutionNode = FALSE
	EndGlobalSection
	GlobalSection(ExtensibilityGlobals) = postSolution
		SolutionGuid = {6B1301BA-82F4-40A6-955A-55B5233EC7FC}
	EndGlobalSection
EndGlobal
